// !$*UTF8*$!
{
	archiveVersion = 1;
	classes = {
	};
	objectVersion = 55;
	objects = {

/* Begin PBXBuildFile section */
		C82050BA280DE69E00E6DCC9 /* WoW_HelperApp.swift in Sources */ = {isa = PBXBuildFile; fileRef = C82050B9280DE69E00E6DCC9 /* WoW_HelperApp.swift */; };
		C82050BC280DE69E00E6DCC9 /* ContentView.swift in Sources */ = {isa = PBXBuildFile; fileRef = C82050BB280DE69E00E6DCC9 /* ContentView.swift */; };
		C82050BE280DE69F00E6DCC9 /* Assets.xcassets in Resources */ = {isa = PBXBuildFile; fileRef = C82050BD280DE69F00E6DCC9 /* Assets.xcassets */; };
		C82050C1280DE69F00E6DCC9 /* Preview Assets.xcassets in Resources */ = {isa = PBXBuildFile; fileRef = C82050C0280DE69F00E6DCC9 /* Preview Assets.xcassets */; };
		C82050CB280DE69F00E6DCC9 /* WoW_HelperTests.swift in Sources */ = {isa = PBXBuildFile; fileRef = C82050CA280DE69F00E6DCC9 /* WoW_HelperTests.swift */; };
		C82050D5280DE69F00E6DCC9 /* WoW_HelperUITests.swift in Sources */ = {isa = PBXBuildFile; fileRef = C82050D4280DE69F00E6DCC9 /* WoW_HelperUITests.swift */; };
		C82050D7280DE69F00E6DCC9 /* WoW_HelperUITestsLaunchTests.swift in Sources */ = {isa = PBXBuildFile; fileRef = C82050D6280DE69F00E6DCC9 /* WoW_HelperUITestsLaunchTests.swift */; };
/* End PBXBuildFile section */

/* Begin PBXContainerItemProxy section */
		C82050C7280DE69F00E6DCC9 /* PBXContainerItemProxy */ = {
			isa = PBXContainerItemProxy;
			containerPortal = C82050AE280DE69E00E6DCC9 /* Project object */;
			proxyType = 1;
			remoteGlobalIDString = C82050B5280DE69E00E6DCC9;
			remoteInfo = "WoW Helper";
		};
		C82050D1280DE69F00E6DCC9 /* PBXContainerItemProxy */ = {
			isa = PBXContainerItemProxy;
			containerPortal = C82050AE280DE69E00E6DCC9 /* Project object */;
			proxyType = 1;
			remoteGlobalIDString = C82050B5280DE69E00E6DCC9;
			remoteInfo = "WoW Helper";
		};
/* End PBXContainerItemProxy section */

/* Begin PBXFileReference section */
		C82050B6280DE69E00E6DCC9 /* WoW Helper.app */ = {isa = PBXFileReference; explicitFileType = wrapper.application; includeInIndex = 0; path = "WoW Helper.app"; sourceTree = BUILT_PRODUCTS_DIR; };
		C82050B9280DE69E00E6DCC9 /* WoW_HelperApp.swift */ = {isa = PBXFileReference; lastKnownFileType = sourcecode.swift; path = WoW_HelperApp.swift; sourceTree = "<group>"; };
		C82050BB280DE69E00E6DCC9 /* ContentView.swift */ = {isa = PBXFileReference; lastKnownFileType = sourcecode.swift; path = ContentView.swift; sourceTree = "<group>"; };
		C82050BD280DE69F00E6DCC9 /* Assets.xcassets */ = {isa = PBXFileReference; lastKnownFileType = folder.assetcatalog; path = Assets.xcassets; sourceTree = "<group>"; };
		C82050C0280DE69F00E6DCC9 /* Preview Assets.xcassets */ = {isa = PBXFileReference; lastKnownFileType = folder.assetcatalog; path = "Preview Assets.xcassets"; sourceTree = "<group>"; };
		C82050C6280DE69F00E6DCC9 /* WoW HelperTests.xctest */ = {isa = PBXFileReference; explicitFileType = wrapper.cfbundle; includeInIndex = 0; path = "WoW HelperTests.xctest"; sourceTree = BUILT_PRODUCTS_DIR; };
		C82050CA280DE69F00E6DCC9 /* WoW_HelperTests.swift */ = {isa = PBXFileReference; lastKnownFileType = sourcecode.swift; path = WoW_HelperTests.swift; sourceTree = "<group>"; };
		C82050D0280DE69F00E6DCC9 /* WoW HelperUITests.xctest */ = {isa = PBXFileReference; explicitFileType = wrapper.cfbundle; includeInIndex = 0; path = "WoW HelperUITests.xctest"; sourceTree = BUILT_PRODUCTS_DIR; };
		C82050D4280DE69F00E6DCC9 /* WoW_HelperUITests.swift */ = {isa = PBXFileReference; lastKnownFileType = sourcecode.swift; path = WoW_HelperUITests.swift; sourceTree = "<group>"; };
		C82050D6280DE69F00E6DCC9 /* WoW_HelperUITestsLaunchTests.swift */ = {isa = PBXFileReference; lastKnownFileType = sourcecode.swift; path = WoW_HelperUITestsLaunchTests.swift; sourceTree = "<group>"; };
/* End PBXFileReference section */

/* Begin PBXFrameworksBuildPhase section */
		C82050B3280DE69E00E6DCC9 /* Frameworks */ = {
			isa = PBXFrameworksBuildPhase;
			buildActionMask = 2147483647;
			files = (
			);
			runOnlyForDeploymentPostprocessing = 0;
		};
		C82050C3280DE69F00E6DCC9 /* Frameworks */ = {
			isa = PBXFrameworksBuildPhase;
			buildActionMask = 2147483647;
			files = (
			);
			runOnlyForDeploymentPostprocessing = 0;
		};
		C82050CD280DE69F00E6DCC9 /* Frameworks */ = {
			isa = PBXFrameworksBuildPhase;
			buildActionMask = 2147483647;
			files = (
			);
			runOnlyForDeploymentPostprocessing = 0;
		};
/* End PBXFrameworksBuildPhase section */

/* Begin PBXGroup section */
		C82050AD280DE69E00E6DCC9 = {
			isa = PBXGroup;
			children = (
				C82050B8280DE69E00E6DCC9 /* WoW Helper */,
				C82050C9280DE69F00E6DCC9 /* WoW HelperTests */,
				C82050D3280DE69F00E6DCC9 /* WoW HelperUITests */,
				C82050B7280DE69E00E6DCC9 /* Products */,
			);
			sourceTree = "<group>";
		};
		C82050B7280DE69E00E6DCC9 /* Products */ = {
			isa = PBXGroup;
			children = (
				C82050B6280DE69E00E6DCC9 /* WoW Helper.app */,
				C82050C6280DE69F00E6DCC9 /* WoW HelperTests.xctest */,
				C82050D0280DE69F00E6DCC9 /* WoW HelperUITests.xctest */,
			);
			name = Products;
			sourceTree = "<group>";
		};
		C82050B8280DE69E00E6DCC9 /* WoW Helper */ = {
			isa = PBXGroup;
			children = (
				C82050B9280DE69E00E6DCC9 /* WoW_HelperApp.swift */,
				C82050BB280DE69E00E6DCC9 /* ContentView.swift */,
				C82050BD280DE69F00E6DCC9 /* Assets.xcassets */,
				C82050BF280DE69F00E6DCC9 /* Preview Content */,
			);
			path = "WoW Helper";
			sourceTree = "<group>";
		};
		C82050BF280DE69F00E6DCC9 /* Preview Content */ = {
			isa = PBXGroup;
			children = (
				C82050C0280DE69F00E6DCC9 /* Preview Assets.xcassets */,
			);
			path = "Preview Content";
			sourceTree = "<group>";
		};
		C82050C9280DE69F00E6DCC9 /* WoW HelperTests */ = {
			isa = PBXGroup;
			children = (
				C82050CA280DE69F00E6DCC9 /* WoW_HelperTests.swift */,
			);
			path = "WoW HelperTests";
			sourceTree = "<group>";
		};
		C82050D3280DE69F00E6DCC9 /* WoW HelperUITests */ = {
			isa = PBXGroup;
			children = (
				C82050D4280DE69F00E6DCC9 /* WoW_HelperUITests.swift */,
				C82050D6280DE69F00E6DCC9 /* WoW_HelperUITestsLaunchTests.swift */,
			);
			path = "WoW HelperUITests";
			sourceTree = "<group>";
		};
/* End PBXGroup section */

/* Begin PBXNativeTarget section */
		C82050B5280DE69E00E6DCC9 /* WoW Helper */ = {
			isa = PBXNativeTarget;
			buildConfigurationList = C82050DA280DE69F00E6DCC9 /* Build configuration list for PBXNativeTarget "WoW Helper" */;
			buildPhases = (
				C82050B2280DE69E00E6DCC9 /* Sources */,
				C82050B3280DE69E00E6DCC9 /* Frameworks */,
				C82050B4280DE69E00E6DCC9 /* Resources */,
			);
			buildRules = (
			);
			dependencies = (
			);
			name = "WoW Helper";
			productName = "WoW Helper";
			productReference = C82050B6280DE69E00E6DCC9 /* WoW Helper.app */;
			productType = "com.apple.product-type.application";
		};
		C82050C5280DE69F00E6DCC9 /* WoW HelperTests */ = {
			isa = PBXNativeTarget;
			buildConfigurationList = C82050DD280DE69F00E6DCC9 /* Build configuration list for PBXNativeTarget "WoW HelperTests" */;
			buildPhases = (
				C82050C2280DE69F00E6DCC9 /* Sources */,
				C82050C3280DE69F00E6DCC9 /* Frameworks */,
				C82050C4280DE69F00E6DCC9 /* Resources */,
			);
			buildRules = (
			);
			dependencies = (
				C82050C8280DE69F00E6DCC9 /* PBXTargetDependency */,
			);
			name = "WoW HelperTests";
			productName = "WoW HelperTests";
			productReference = C82050C6280DE69F00E6DCC9 /* WoW HelperTests.xctest */;
			productType = "com.apple.product-type.bundle.unit-test";
		};
		C82050CF280DE69F00E6DCC9 /* WoW HelperUITests */ = {
			isa = PBXNativeTarget;
			buildConfigurationList = C82050E0280DE69F00E6DCC9 /* Build configuration list for PBXNativeTarget "WoW HelperUITests" */;
			buildPhases = (
				C82050CC280DE69F00E6DCC9 /* Sources */,
				C82050CD280DE69F00E6DCC9 /* Frameworks */,
				C82050CE280DE69F00E6DCC9 /* Resources */,
			);
			buildRules = (
			);
			dependencies = (
				C82050D2280DE69F00E6DCC9 /* PBXTargetDependency */,
			);
			name = "WoW HelperUITests";
			productName = "WoW HelperUITests";
			productReference = C82050D0280DE69F00E6DCC9 /* WoW HelperUITests.xctest */;
			productType = "com.apple.product-type.bundle.ui-testing";
		};
/* End PBXNativeTarget section */

/* Begin PBXProject section */
		C82050AE280DE69E00E6DCC9 /* Project object */ = {
			isa = PBXProject;
			attributes = {
				BuildIndependentTargetsInParallel = 1;
				LastSwiftUpdateCheck = 1330;
				LastUpgradeCheck = 1330;
				TargetAttributes = {
					C82050B5280DE69E00E6DCC9 = {
						CreatedOnToolsVersion = 13.3.1;
					};
					C82050C5280DE69F00E6DCC9 = {
						CreatedOnToolsVersion = 13.3.1;
						TestTargetID = C82050B5280DE69E00E6DCC9;
					};
					C82050CF280DE69F00E6DCC9 = {
						CreatedOnToolsVersion = 13.3.1;
						TestTargetID = C82050B5280DE69E00E6DCC9;
					};
				};
			};
			buildConfigurationList = C82050B1280DE69E00E6DCC9 /* Build configuration list for PBXProject "WoW Helper" */;
			compatibilityVersion = "Xcode 13.0";
			developmentRegion = en;
			hasScannedForEncodings = 0;
			knownRegions = (
				en,
				Base,
			);
			mainGroup = C82050AD280DE69E00E6DCC9;
			productRefGroup = C82050B7280DE69E00E6DCC9 /* Products */;
			projectDirPath = "";
			projectRoot = "";
			targets = (
				C82050B5280DE69E00E6DCC9 /* WoW Helper */,
				C82050C5280DE69F00E6DCC9 /* WoW HelperTests */,
				C82050CF280DE69F00E6DCC9 /* WoW HelperUITests */,
			);
		};
/* End PBXProject section */

/* Begin PBXResourcesBuildPhase section */
		C82050B4280DE69E00E6DCC9 /* Resources */ = {
			isa = PBXResourcesBuildPhase;
			buildActionMask = 2147483647;
			files = (
				C82050C1280DE69F00E6DCC9 /* Preview Assets.xcassets in Resources */,
				C82050BE280DE69F00E6DCC9 /* Assets.xcassets in Resources */,
			);
			runOnlyForDeploymentPostprocessing = 0;
		};
		C82050C4280DE69F00E6DCC9 /* Resources */ = {
			isa = PBXResourcesBuildPhase;
			buildActionMask = 2147483647;
			files = (
			);
			runOnlyForDeploymentPostprocessing = 0;
		};
		C82050CE280DE69F00E6DCC9 /* Resources */ = {
			isa = PBXResourcesBuildPhase;
			buildActionMask = 2147483647;
			files = (
			);
			runOnlyForDeploymentPostprocessing = 0;
		};
/* End PBXResourcesBuildPhase section */

/* Begin PBXSourcesBuildPhase section */
		C82050B2280DE69E00E6DCC9 /* Sources */ = {
			isa = PBXSourcesBuildPhase;
			buildActionMask = 2147483647;
			files = (
				C82050BC280DE69E00E6DCC9 /* ContentView.swift in Sources */,
				C82050BA280DE69E00E6DCC9 /* WoW_HelperApp.swift in Sources */,
			);
			runOnlyForDeploymentPostprocessing = 0;
		};
		C82050C2280DE69F00E6DCC9 /* Sources */ = {
			isa = PBXSourcesBuildPhase;
			buildActionMask = 2147483647;
			files = (
				C82050CB280DE69F00E6DCC9 /* WoW_HelperTests.swift in Sources */,
			);
			runOnlyForDeploymentPostprocessing = 0;
		};
		C82050CC280DE69F00E6DCC9 /* Sources */ = {
			isa = PBXSourcesBuildPhase;
			buildActionMask = 2147483647;
			files = (
				C82050D7280DE69F00E6DCC9 /* WoW_HelperUITestsLaunchTests.swift in Sources */,
				C82050D5280DE69F00E6DCC9 /* WoW_HelperUITests.swift in Sources */,
			);
			runOnlyForDeploymentPostprocessing = 0;
		};
/* End PBXSourcesBuildPhase section */

/* Begin PBXTargetDependency section */
		C82050C8280DE69F00E6DCC9 /* PBXTargetDependency */ = {
			isa = PBXTargetDependency;
			target = C82050B5280DE69E00E6DCC9 /* WoW Helper */;
			targetProxy = C82050C7280DE69F00E6DCC9 /* PBXContainerItemProxy */;
		};
		C82050D2280DE69F00E6DCC9 /* PBXTargetDependency */ = {
			isa = PBXTargetDependency;
			target = C82050B5280DE69E00E6DCC9 /* WoW Helper */;
			targetProxy = C82050D1280DE69F00E6DCC9 /* PBXContainerItemProxy */;
		};
/* End PBXTargetDependency section */

/* Begin XCBuildConfiguration section */
		C82050D8280DE69F00E6DCC9 /* Debug */ = {
			isa = XCBuildConfiguration;
			buildSettings = {
				ALWAYS_SEARCH_USER_PATHS = NO;
				CLANG_ANALYZER_NONNULL = YES;
				CLANG_ANALYZER_NUMBER_OBJECT_CONVERSION = YES_AGGRESSIVE;
				CLANG_CXX_LANGUAGE_STANDARD = "gnu++17";
				CLANG_ENABLE_MODULES = YES;
				CLANG_ENABLE_OBJC_ARC = YES;
				CLANG_ENABLE_OBJC_WEAK = YES;
				CLANG_WARN_BLOCK_CAPTURE_AUTORELEASING = YES;
				CLANG_WARN_BOOL_CONVERSION = YES;
				CLANG_WARN_COMMA = YES;
				CLANG_WARN_CONSTANT_CONVERSION = YES;
				CLANG_WARN_DEPRECATED_OBJC_IMPLEMENTATIONS = YES;
				CLANG_WARN_DIRECT_OBJC_ISA_USAGE = YES_ERROR;
				CLANG_WARN_DOCUMENTATION_COMMENTS = YES;
				CLANG_WARN_EMPTY_BODY = YES;
				CLANG_WARN_ENUM_CONVERSION = YES;
				CLANG_WARN_INFINITE_RECURSION = YES;
				CLANG_WARN_INT_CONVERSION = YES;
				CLANG_WARN_NON_LITERAL_NULL_CONVERSION = YES;
				CLANG_WARN_OBJC_IMPLICIT_RETAIN_SELF = YES;
				CLANG_WARN_OBJC_LITERAL_CONVERSION = YES;
				CLANG_WARN_OBJC_ROOT_CLASS = YES_ERROR;
				CLANG_WARN_QUOTED_INCLUDE_IN_FRAMEWORK_HEADER = YES;
				CLANG_WARN_RANGE_LOOP_ANALYSIS = YES;
				CLANG_WARN_STRICT_PROTOTYPES = YES;
				CLANG_WARN_SUSPICIOUS_MOVE = YES;
				CLANG_WARN_UNGUARDED_AVAILABILITY = YES_AGGRESSIVE;
				CLANG_WARN_UNREACHABLE_CODE = YES;
				CLANG_WARN__DUPLICATE_METHOD_MATCH = YES;
				COPY_PHASE_STRIP = NO;
				DEBUG_INFORMATION_FORMAT = dwarf;
				ENABLE_STRICT_OBJC_MSGSEND = YES;
				ENABLE_TESTABILITY = YES;
				GCC_C_LANGUAGE_STANDARD = gnu11;
				GCC_DYNAMIC_NO_PIC = NO;
				GCC_NO_COMMON_BLOCKS = YES;
				GCC_OPTIMIZATION_LEVEL = 0;
				GCC_PREPROCESSOR_DEFINITIONS = (
					"DEBUG=1",
					"$(inherited)",
				);
				GCC_WARN_64_TO_32_BIT_CONVERSION = YES;
				GCC_WARN_ABOUT_RETURN_TYPE = YES_ERROR;
				GCC_WARN_UNDECLARED_SELECTOR = YES;
				GCC_WARN_UNINITIALIZED_AUTOS = YES_AGGRESSIVE;
				GCC_WARN_UNUSED_FUNCTION = YES;
				GCC_WARN_UNUSED_VARIABLE = YES;
				IPHONEOS_DEPLOYMENT_TARGET = 15.4;
				MTL_ENABLE_DEBUG_INFO = INCLUDE_SOURCE;
				MTL_FAST_MATH = YES;
				ONLY_ACTIVE_ARCH = YES;
				SDKROOT = iphoneos;
				SWIFT_ACTIVE_COMPILATION_CONDITIONS = DEBUG;
				SWIFT_OPTIMIZATION_LEVEL = "-Onone";
			};
			name = Debug;
		};
		C82050D9280DE69F00E6DCC9 /* Release */ = {
			isa = XCBuildConfiguration;
			buildSettings = {
				ALWAYS_SEARCH_USER_PATHS = NO;
				CLANG_ANALYZER_NONNULL = YES;
				CLANG_ANALYZER_NUMBER_OBJECT_CONVERSION = YES_AGGRESSIVE;
				CLANG_CXX_LANGUAGE_STANDARD = "gnu++17";
				CLANG_ENABLE_MODULES = YES;
				CLANG_ENABLE_OBJC_ARC = YES;
				CLANG_ENABLE_OBJC_WEAK = YES;
				CLANG_WARN_BLOCK_CAPTURE_AUTORELEASING = YES;
				CLANG_WARN_BOOL_CONVERSION = YES;
				CLANG_WARN_COMMA = YES;
				CLANG_WARN_CONSTANT_CONVERSION = YES;
				CLANG_WARN_DEPRECATED_OBJC_IMPLEMENTATIONS = YES;
				CLANG_WARN_DIRECT_OBJC_ISA_USAGE = YES_ERROR;
				CLANG_WARN_DOCUMENTATION_COMMENTS = YES;
				CLANG_WARN_EMPTY_BODY = YES;
				CLANG_WARN_ENUM_CONVERSION = YES;
				CLANG_WARN_INFINITE_RECURSION = YES;
				CLANG_WARN_INT_CONVERSION = YES;
				CLANG_WARN_NON_LITERAL_NULL_CONVERSION = YES;
				CLANG_WARN_OBJC_IMPLICIT_RETAIN_SELF = YES;
				CLANG_WARN_OBJC_LITERAL_CONVERSION = YES;
				CLANG_WARN_OBJC_ROOT_CLASS = YES_ERROR;
				CLANG_WARN_QUOTED_INCLUDE_IN_FRAMEWORK_HEADER = YES;
				CLANG_WARN_RANGE_LOOP_ANALYSIS = YES;
				CLANG_WARN_STRICT_PROTOTYPES = YES;
				CLANG_WARN_SUSPICIOUS_MOVE = YES;
				CLANG_WARN_UNGUARDED_AVAILABILITY = YES_AGGRESSIVE;
				CLANG_WARN_UNREACHABLE_CODE = YES;
				CLANG_WARN__DUPLICATE_METHOD_MATCH = YES;
				COPY_PHASE_STRIP = NO;
				DEBUG_INFORMATION_FORMAT = "dwarf-with-dsym";
				ENABLE_NS_ASSERTIONS = NO;
				ENABLE_STRICT_OBJC_MSGSEND = YES;
				GCC_C_LANGUAGE_STANDARD = gnu11;
				GCC_NO_COMMON_BLOCKS = YES;
				GCC_WARN_64_TO_32_BIT_CONVERSION = YES;
				GCC_WARN_ABOUT_RETURN_TYPE = YES_ERROR;
				GCC_WARN_UNDECLARED_SELECTOR = YES;
				GCC_WARN_UNINITIALIZED_AUTOS = YES_AGGRESSIVE;
				GCC_WARN_UNUSED_FUNCTION = YES;
				GCC_WARN_UNUSED_VARIABLE = YES;
				IPHONEOS_DEPLOYMENT_TARGET = 15.4;
				MTL_ENABLE_DEBUG_INFO = NO;
				MTL_FAST_MATH = YES;
				SDKROOT = iphoneos;
				SWIFT_COMPILATION_MODE = wholemodule;
				SWIFT_OPTIMIZATION_LEVEL = "-O";
				VALIDATE_PRODUCT = YES;
			};
			name = Release;
		};
		C82050DB280DE69F00E6DCC9 /* Debug */ = {
			isa = XCBuildConfiguration;
			buildSettings = {
				ASSETCATALOG_COMPILER_APPICON_NAME = AppIcon;
				ASSETCATALOG_COMPILER_GLOBAL_ACCENT_COLOR_NAME = AccentColor;
				CODE_SIGN_STYLE = Automatic;
				CURRENT_PROJECT_VERSION = 1;
				DEVELOPMENT_ASSET_PATHS = "\"WoW Helper/Preview Content\"";
				DEVELOPMENT_TEAM = 8TYF5VAX58;
				ENABLE_PREVIEWS = YES;
				GENERATE_INFOPLIST_FILE = YES;
				INFOPLIST_KEY_UIApplicationSceneManifest_Generation = YES;
				INFOPLIST_KEY_UIApplicationSupportsIndirectInputEvents = YES;
				INFOPLIST_KEY_UILaunchScreen_Generation = YES;
				INFOPLIST_KEY_UISupportedInterfaceOrientations_iPad = "UIInterfaceOrientationPortrait UIInterfaceOrientationPortraitUpsideDown UIInterfaceOrientationLandscapeLeft UIInterfaceOrientationLandscapeRight";
				INFOPLIST_KEY_UISupportedInterfaceOrientations_iPhone = "UIInterfaceOrientationPortrait UIInterfaceOrientationLandscapeLeft UIInterfaceOrientationLandscapeRight";
				LD_RUNPATH_SEARCH_PATHS = (
					"$(inherited)",
					"@executable_path/Frameworks",
				);
				MARKETING_VERSION = 1.0;
				PRODUCT_BUNDLE_IDENTIFIER = "com.github.pobe16.WoW-Helper";
				PRODUCT_NAME = "$(TARGET_NAME)";
				SWIFT_EMIT_LOC_STRINGS = YES;
				SWIFT_VERSION = 5.0;
				TARGETED_DEVICE_FAMILY = "1,2";
			};
			name = Debug;
		};
		C82050DC280DE69F00E6DCC9 /* Release */ = {
			isa = XCBuildConfiguration;
			buildSettings = {
				ASSETCATALOG_COMPILER_APPICON_NAME = AppIcon;
				ASSETCATALOG_COMPILER_GLOBAL_ACCENT_COLOR_NAME = AccentColor;
				CODE_SIGN_STYLE = Automatic;
				CURRENT_PROJECT_VERSION = 1;
				DEVELOPMENT_ASSET_PATHS = "\"WoW Helper/Preview Content\"";
				DEVELOPMENT_TEAM = 8TYF5VAX58;
				ENABLE_PREVIEWS = YES;
				GENERATE_INFOPLIST_FILE = YES;
				INFOPLIST_KEY_UIApplicationSceneManifest_Generation = YES;
				INFOPLIST_KEY_UIApplicationSupportsIndirectInputEvents = YES;
				INFOPLIST_KEY_UILaunchScreen_Generation = YES;
				INFOPLIST_KEY_UISupportedInterfaceOrientations_iPad = "UIInterfaceOrientationPortrait UIInterfaceOrientationPortraitUpsideDown UIInterfaceOrientationLandscapeLeft UIInterfaceOrientationLandscapeRight";
				INFOPLIST_KEY_UISupportedInterfaceOrientations_iPhone = "UIInterfaceOrientationPortrait UIInterfaceOrientationLandscapeLeft UIInterfaceOrientationLandscapeRight";
				LD_RUNPATH_SEARCH_PATHS = (
					"$(inherited)",
					"@executable_path/Frameworks",
				);
				MARKETING_VERSION = 1.0;
				PRODUCT_BUNDLE_IDENTIFIER = "com.github.pobe16.WoW-Helper";
				PRODUCT_NAME = "$(TARGET_NAME)";
				SWIFT_EMIT_LOC_STRINGS = YES;
				SWIFT_VERSION = 5.0;
				TARGETED_DEVICE_FAMILY = "1,2";
			};
			name = Release;
		};
		C82050DE280DE69F00E6DCC9 /* Debug */ = {
			isa = XCBuildConfiguration;
			buildSettings = {
				ALWAYS_EMBED_SWIFT_STANDARD_LIBRARIES = YES;
				BUNDLE_LOADER = "$(TEST_HOST)";
				CODE_SIGN_STYLE = Automatic;
				CURRENT_PROJECT_VERSION = 1;
				DEVELOPMENT_TEAM = 8TYF5VAX58;
				GENERATE_INFOPLIST_FILE = YES;
				IPHONEOS_DEPLOYMENT_TARGET = 15.4;
				MARKETING_VERSION = 1.0;
				PRODUCT_BUNDLE_IDENTIFIER = "com.github.pobe16.WoW-HelperTests";
				PRODUCT_NAME = "$(TARGET_NAME)";
				SWIFT_EMIT_LOC_STRINGS = NO;
				SWIFT_VERSION = 5.0;
				TARGETED_DEVICE_FAMILY = "1,2";
				TEST_HOST = "$(BUILT_PRODUCTS_DIR)/WoW Helper.app/WoW Helper";
			};
			name = Debug;
		};
		C82050DF280DE69F00E6DCC9 /* Release */ = {
			isa = XCBuildConfiguration;
			buildSettings = {
				ALWAYS_EMBED_SWIFT_STANDARD_LIBRARIES = YES;
				BUNDLE_LOADER = "$(TEST_HOST)";
				CODE_SIGN_STYLE = Automatic;
				CURRENT_PROJECT_VERSION = 1;
				DEVELOPMENT_TEAM = 8TYF5VAX58;
				GENERATE_INFOPLIST_FILE = YES;
				IPHONEOS_DEPLOYMENT_TARGET = 15.4;
				MARKETING_VERSION = 1.0;
				PRODUCT_BUNDLE_IDENTIFIER = "com.github.pobe16.WoW-HelperTests";
				PRODUCT_NAME = "$(TARGET_NAME)";
				SWIFT_EMIT_LOC_STRINGS = NO;
				SWIFT_VERSION = 5.0;
				TARGETED_DEVICE_FAMILY = "1,2";
				TEST_HOST = "$(BUILT_PRODUCTS_DIR)/WoW Helper.app/WoW Helper";
			};
			name = Release;
		};
		C82050E1280DE69F00E6DCC9 /* Debug */ = {
			isa = XCBuildConfiguration;
			buildSettings = {
				ALWAYS_EMBED_SWIFT_STANDARD_LIBRARIES = YES;
				CODE_SIGN_STYLE = Automatic;
				CURRENT_PROJECT_VERSION = 1;
				DEVELOPMENT_TEAM = 8TYF5VAX58;
				GENERATE_INFOPLIST_FILE = YES;
				MARKETING_VERSION = 1.0;
				PRODUCT_BUNDLE_IDENTIFIER = "com.github.pobe16.WoW-HelperUITests";
				PRODUCT_NAME = "$(TARGET_NAME)";
				SWIFT_EMIT_LOC_STRINGS = NO;
				SWIFT_VERSION = 5.0;
				TARGETED_DEVICE_FAMILY = "1,2";
				TEST_TARGET_NAME = "WoW Helper";
			};
			name = Debug;
		};
		C82050E2280DE69F00E6DCC9 /* Release */ = {
			isa = XCBuildConfiguration;
			buildSettings = {
				ALWAYS_EMBED_SWIFT_STANDARD_LIBRARIES = YES;
				CODE_SIGN_STYLE = Automatic;
				CURRENT_PROJECT_VERSION = 1;
				DEVELOPMENT_TEAM = 8TYF5VAX58;
				GENERATE_INFOPLIST_FILE = YES;
				MARKETING_VERSION = 1.0;
				PRODUCT_BUNDLE_IDENTIFIER = "com.github.pobe16.WoW-HelperUITests";
				PRODUCT_NAME = "$(TARGET_NAME)";
				SWIFT_EMIT_LOC_STRINGS = NO;
				SWIFT_VERSION = 5.0;
				TARGETED_DEVICE_FAMILY = "1,2";
				TEST_TARGET_NAME = "WoW Helper";
			};
			name = Release;
		};
/* End XCBuildConfiguration section */

/* Begin XCConfigurationList section */
		C82050B1280DE69E00E6DCC9 /* Build configuration list for PBXProject "WoW Helper" */ = {
			isa = XCConfigurationList;
			buildConfigurations = (
				C82050D8280DE69F00E6DCC9 /* Debug */,
				C82050D9280DE69F00E6DCC9 /* Release */,
			);
			defaultConfigurationIsVisible = 0;
			defaultConfigurationName = Release;
		};
		C82050DA280DE69F00E6DCC9 /* Build configuration list for PBXNativeTarget "WoW Helper" */ = {
			isa = XCConfigurationList;
			buildConfigurations = (
				C82050DB280DE69F00E6DCC9 /* Debug */,
				C82050DC280DE69F00E6DCC9 /* Release */,
			);
			defaultConfigurationIsVisible = 0;
			defaultConfigurationName = Release;
		};
		C82050DD280DE69F00E6DCC9 /* Build configuration list for PBXNativeTarget "WoW HelperTests" */ = {
			isa = XCConfigurationList;
			buildConfigurations = (
				C82050DE280DE69F00E6DCC9 /* Debug */,
				C82050DF280DE69F00E6DCC9 /* Release */,
			);
			defaultConfigurationIsVisible = 0;
			defaultConfigurationName = Release;
		};
		C82050E0280DE69F00E6DCC9 /* Build configuration list for PBXNativeTarget "WoW HelperUITests" */ = {
			isa = XCConfigurationList;
			buildConfigurations = (
				C82050E1280DE69F00E6DCC9 /* Debug */,
				C82050E2280DE69F00E6DCC9 /* Release */,
			);
			defaultConfigurationIsVisible = 0;
			defaultConfigurationName = Release;
		};
/* End XCConfigurationList section */
	};
	rootObject = C82050AE280DE69E00E6DCC9 /* Project object */;
}
